{
  "name": "klisha-test-module-proverka",
  "version": "1.0.0",
  "lockfileVersion": 1,
  "requires": true,
  "dependencies": {
    "klisha-test-module2": {
      "version": "2.0.0-alpha.3",
      "resolved": "https://registry.npmjs.org/klisha-test-module2/-/klisha-test-module2-2.0.0-alpha.3.tgz",
      "integrity": "sha512-VL7w4RbxiN4SladNX5iMZ1IK6bosqBf2N+u5PGIJx9/s0J59sLtMTorm6vyMIrHlzXNfE8Ymvf58OWxFgyzGCw=="
    }
  }
}
